// !$*UTF8*$!
{
	archiveVersion = 1;
	classes = {
	};
	objectVersion = 50;
	objects = {

/* Begin PBXBuildFile section */
		E3AB8AE62287957500248899 /* GameViewController.swift in Sources */ = {isa = PBXBuildFile; fileRef = E3AB8AE52287957500248899 /* GameViewController.swift */; };
		E3AB8AE92287A56500248899 /* WebKit.framework in Frameworks */ = {isa = PBXBuildFile; fileRef = E3AB8AE82287A56500248899 /* WebKit.framework */; };
		E3E882B22287167D00AD3DC2 /* AppDelegate.swift in Sources */ = {isa = PBXBuildFile; fileRef = E3E882B12287167D00AD3DC2 /* AppDelegate.swift */; };
		E3E882B42287167D00AD3DC2 /* RootViewController.swift in Sources */ = {isa = PBXBuildFile; fileRef = E3E882B32287167D00AD3DC2 /* RootViewController.swift */; };
		E3E882B72287167D00AD3DC2 /* Main.storyboard in Resources */ = {isa = PBXBuildFile; fileRef = E3E882B52287167D00AD3DC2 /* Main.storyboard */; };
		E3E882B92287167F00AD3DC2 /* Assets.xcassets in Resources */ = {isa = PBXBuildFile; fileRef = E3E882B82287167F00AD3DC2 /* Assets.xcassets */; };
		E3E882BC2287167F00AD3DC2 /* LaunchScreen.storyboard in Resources */ = {isa = PBXBuildFile; fileRef = E3E882BA2287167F00AD3DC2 /* LaunchScreen.storyboard */; };
		E3E882C4228726C200AD3DC2 /* SportViewController.swift in Sources */ = {isa = PBXBuildFile; fileRef = E3E882C3228726C200AD3DC2 /* SportViewController.swift */; };
		E3E882C822873F1E00AD3DC2 /* SoccerVideoModel.swift in Sources */ = {isa = PBXBuildFile; fileRef = E3E882C722873F1E00AD3DC2 /* SoccerVideoModel.swift */; };
		E3E882CA228740F000AD3DC2 /* VideoViewController.swift in Sources */ = {isa = PBXBuildFile; fileRef = E3E882C9228740F000AD3DC2 /* VideoViewController.swift */; };
		E3E882CD2287429900AD3DC2 /* FetchSoccerVideos.swift in Sources */ = {isa = PBXBuildFile; fileRef = E3E882CC2287429900AD3DC2 /* FetchSoccerVideos.swift */; };
		E3E882E422874BD200AD3DC2 /* SoccerVideoTests.swift in Sources */ = {isa = PBXBuildFile; fileRef = E3E882CF22874A0200AD3DC2 /* SoccerVideoTests.swift */; };
		E3E882E622874BF100AD3DC2 /* SoccerVideoModel.swift in Sources */ = {isa = PBXBuildFile; fileRef = E3E882C722873F1E00AD3DC2 /* SoccerVideoModel.swift */; };
		E3E882E722874C2300AD3DC2 /* video.json in Resources */ = {isa = PBXBuildFile; fileRef = E3E882D322874A9D00AD3DC2 /* video.json */; };
/* End PBXBuildFile section */

/* Begin PBXContainerItemProxy section */
		E3E882DF22874BBA00AD3DC2 /* PBXContainerItemProxy */ = {
			isa = PBXContainerItemProxy;
			containerPortal = E3E882A62287167D00AD3DC2 /* Project object */;
			proxyType = 1;
			remoteGlobalIDString = E3E882AD2287167D00AD3DC2;
			remoteInfo = Score;
		};
/* End PBXContainerItemProxy section */

/* Begin PBXFileReference section */
		E3AB8AE52287957500248899 /* GameViewController.swift */ = {isa = PBXFileReference; lastKnownFileType = sourcecode.swift; path = GameViewController.swift; sourceTree = "<group>"; };
		E3AB8AE82287A56500248899 /* WebKit.framework */ = {isa = PBXFileReference; lastKnownFileType = wrapper.framework; name = WebKit.framework; path = System/Library/Frameworks/WebKit.framework; sourceTree = SDKROOT; };
		E3E882AE2287167D00AD3DC2 /* Score.app */ = {isa = PBXFileReference; explicitFileType = wrapper.application; includeInIndex = 0; path = Score.app; sourceTree = BUILT_PRODUCTS_DIR; };
		E3E882B12287167D00AD3DC2 /* AppDelegate.swift */ = {isa = PBXFileReference; lastKnownFileType = sourcecode.swift; path = AppDelegate.swift; sourceTree = "<group>"; };
		E3E882B32287167D00AD3DC2 /* RootViewController.swift */ = {isa = PBXFileReference; lastKnownFileType = sourcecode.swift; path = RootViewController.swift; sourceTree = "<group>"; };
		E3E882B62287167D00AD3DC2 /* Base */ = {isa = PBXFileReference; lastKnownFileType = file.storyboard; name = Base; path = Base.lproj/Main.storyboard; sourceTree = "<group>"; };
		E3E882B82287167F00AD3DC2 /* Assets.xcassets */ = {isa = PBXFileReference; lastKnownFileType = folder.assetcatalog; path = Assets.xcassets; sourceTree = "<group>"; };
		E3E882BB2287167F00AD3DC2 /* Base */ = {isa = PBXFileReference; lastKnownFileType = file.storyboard; name = Base; path = Base.lproj/LaunchScreen.storyboard; sourceTree = "<group>"; };
		E3E882BD2287167F00AD3DC2 /* Info.plist */ = {isa = PBXFileReference; lastKnownFileType = text.plist.xml; path = Info.plist; sourceTree = "<group>"; };
		E3E882C3228726C200AD3DC2 /* SportViewController.swift */ = {isa = PBXFileReference; lastKnownFileType = sourcecode.swift; path = SportViewController.swift; sourceTree = "<group>"; };
		E3E882C722873F1E00AD3DC2 /* SoccerVideoModel.swift */ = {isa = PBXFileReference; lastKnownFileType = sourcecode.swift; path = SoccerVideoModel.swift; sourceTree = "<group>"; };
		E3E882C9228740F000AD3DC2 /* VideoViewController.swift */ = {isa = PBXFileReference; lastKnownFileType = sourcecode.swift; path = VideoViewController.swift; sourceTree = "<group>"; };
		E3E882CC2287429900AD3DC2 /* FetchSoccerVideos.swift */ = {isa = PBXFileReference; lastKnownFileType = sourcecode.swift; path = FetchSoccerVideos.swift; sourceTree = "<group>"; };
		E3E882CF22874A0200AD3DC2 /* SoccerVideoTests.swift */ = {isa = PBXFileReference; lastKnownFileType = sourcecode.swift; path = SoccerVideoTests.swift; sourceTree = "<group>"; };
		E3E882D322874A9D00AD3DC2 /* video.json */ = {isa = PBXFileReference; fileEncoding = 4; lastKnownFileType = text.json; path = video.json; sourceTree = "<group>"; };
		E3E882DA22874BBA00AD3DC2 /* ScoreTests.xctest */ = {isa = PBXFileReference; explicitFileType = wrapper.cfbundle; includeInIndex = 0; path = ScoreTests.xctest; sourceTree = BUILT_PRODUCTS_DIR; };
		E3E882DE22874BBA00AD3DC2 /* Info.plist */ = {isa = PBXFileReference; lastKnownFileType = text.plist.xml; path = Info.plist; sourceTree = "<group>"; };
/* End PBXFileReference section */

/* Begin PBXFrameworksBuildPhase section */
		E3E882AB2287167D00AD3DC2 /* Frameworks */ = {
			isa = PBXFrameworksBuildPhase;
			buildActionMask = 2147483647;
			files = (
				E3AB8AE92287A56500248899 /* WebKit.framework in Frameworks */,
			);
			runOnlyForDeploymentPostprocessing = 0;
		};
		E3E882D722874BBA00AD3DC2 /* Frameworks */ = {
			isa = PBXFrameworksBuildPhase;
			buildActionMask = 2147483647;
			files = (
			);
			runOnlyForDeploymentPostprocessing = 0;
		};
/* End PBXFrameworksBuildPhase section */

/* Begin PBXGroup section */
		E3AB8AE72287A56500248899 /* Frameworks */ = {
			isa = PBXGroup;
			children = (
				E3AB8AE82287A56500248899 /* WebKit.framework */,
			);
			name = Frameworks;
			sourceTree = "<group>";
		};
		E3E882A52287167D00AD3DC2 = {
			isa = PBXGroup;
			children = (
				E3E882B02287167D00AD3DC2 /* Score */,
				E3E882DB22874BBA00AD3DC2 /* ScoreTests */,
				E3E882AF2287167D00AD3DC2 /* Products */,
				E3AB8AE72287A56500248899 /* Frameworks */,
			);
			sourceTree = "<group>";
		};
		E3E882AF2287167D00AD3DC2 /* Products */ = {
			isa = PBXGroup;
			children = (
				E3E882AE2287167D00AD3DC2 /* Score.app */,
				E3E882DA22874BBA00AD3DC2 /* ScoreTests.xctest */,
			);
			name = Products;
			sourceTree = "<group>";
		};
		E3E882B02287167D00AD3DC2 /* Score */ = {
			isa = PBXGroup;
			children = (
				E3E882CE228749E800AD3DC2 /* Tests */,
				E3E882CB2287428100AD3DC2 /* Services */,
				E3E882C522873BF100AD3DC2 /* Models */,
				E3E882B12287167D00AD3DC2 /* AppDelegate.swift */,
				E3E882C622873BFA00AD3DC2 /* Views */,
				E3E882B82287167F00AD3DC2 /* Assets.xcassets */,
				E3E882BA2287167F00AD3DC2 /* LaunchScreen.storyboard */,
				E3E882BD2287167F00AD3DC2 /* Info.plist */,
			);
			path = Score;
			sourceTree = "<group>";
		};
		E3E882C522873BF100AD3DC2 /* Models */ = {
			isa = PBXGroup;
			children = (
				E3E882C722873F1E00AD3DC2 /* SoccerVideoModel.swift */,
			);
			path = Models;
			sourceTree = "<group>";
		};
		E3E882C622873BFA00AD3DC2 /* Views */ = {
			isa = PBXGroup;
			children = (
				E3E882B52287167D00AD3DC2 /* Main.storyboard */,
				E3E882C3228726C200AD3DC2 /* SportViewController.swift */,
				E3E882B32287167D00AD3DC2 /* RootViewController.swift */,
				E3E882C9228740F000AD3DC2 /* VideoViewController.swift */,
				E3AB8AE52287957500248899 /* GameViewController.swift */,
			);
			path = Views;
			sourceTree = "<group>";
		};
		E3E882CB2287428100AD3DC2 /* Services */ = {
			isa = PBXGroup;
			children = (
				E3E882CC2287429900AD3DC2 /* FetchSoccerVideos.swift */,
			);
			path = Services;
			sourceTree = "<group>";
		};
		E3E882CE228749E800AD3DC2 /* Tests */ = {
			isa = PBXGroup;
			children = (
			);
			path = Tests;
			sourceTree = "<group>";
		};
		E3E882DB22874BBA00AD3DC2 /* ScoreTests */ = {
			isa = PBXGroup;
			children = (
				E3E882CF22874A0200AD3DC2 /* SoccerVideoTests.swift */,
				E3E882D322874A9D00AD3DC2 /* video.json */,
				E3E882DE22874BBA00AD3DC2 /* Info.plist */,
			);
			path = ScoreTests;
			sourceTree = "<group>";
		};
/* End PBXGroup section */

/* Begin PBXNativeTarget section */
		E3E882AD2287167D00AD3DC2 /* Score */ = {
			isa = PBXNativeTarget;
			buildConfigurationList = E3E882C02287167F00AD3DC2 /* Build configuration list for PBXNativeTarget "Score" */;
			buildPhases = (
				E3E882AA2287167D00AD3DC2 /* Sources */,
				E3E882AB2287167D00AD3DC2 /* Frameworks */,
				E3E882AC2287167D00AD3DC2 /* Resources */,
			);
			buildRules = (
			);
			dependencies = (
			);
			name = Score;
			productName = Score;
			productReference = E3E882AE2287167D00AD3DC2 /* Score.app */;
			productType = "com.apple.product-type.application";
		};
		E3E882D922874BBA00AD3DC2 /* ScoreTests */ = {
			isa = PBXNativeTarget;
			buildConfigurationList = E3E882E122874BBA00AD3DC2 /* Build configuration list for PBXNativeTarget "ScoreTests" */;
			buildPhases = (
				E3E882D622874BBA00AD3DC2 /* Sources */,
				E3E882D722874BBA00AD3DC2 /* Frameworks */,
				E3E882D822874BBA00AD3DC2 /* Resources */,
			);
			buildRules = (
			);
			dependencies = (
				E3E882E022874BBA00AD3DC2 /* PBXTargetDependency */,
			);
			name = ScoreTests;
			productName = ScoreTests;
			productReference = E3E882DA22874BBA00AD3DC2 /* ScoreTests.xctest */;
			productType = "com.apple.product-type.bundle.unit-test";
		};
/* End PBXNativeTarget section */

/* Begin PBXProject section */
		E3E882A62287167D00AD3DC2 /* Project object */ = {
			isa = PBXProject;
			attributes = {
				LastSwiftUpdateCheck = 1020;
				LastUpgradeCheck = 1020;
				ORGANIZATIONNAME = "William Messer";
				TargetAttributes = {
					E3E882AD2287167D00AD3DC2 = {
						CreatedOnToolsVersion = 10.2.1;
					};
					E3E882D922874BBA00AD3DC2 = {
						CreatedOnToolsVersion = 10.2.1;
						TestTargetID = E3E882AD2287167D00AD3DC2;
					};
				};
			};
			buildConfigurationList = E3E882A92287167D00AD3DC2 /* Build configuration list for PBXProject "Score" */;
			compatibilityVersion = "Xcode 9.3";
			developmentRegion = en;
			hasScannedForEncodings = 0;
			knownRegions = (
				en,
				Base,
			);
			mainGroup = E3E882A52287167D00AD3DC2;
			productRefGroup = E3E882AF2287167D00AD3DC2 /* Products */;
			projectDirPath = "";
			projectRoot = "";
			targets = (
				E3E882AD2287167D00AD3DC2 /* Score */,
				E3E882D922874BBA00AD3DC2 /* ScoreTests */,
			);
		};
/* End PBXProject section */

/* Begin PBXResourcesBuildPhase section */
		E3E882AC2287167D00AD3DC2 /* Resources */ = {
			isa = PBXResourcesBuildPhase;
			buildActionMask = 2147483647;
			files = (
				E3E882BC2287167F00AD3DC2 /* LaunchScreen.storyboard in Resources */,
				E3E882B92287167F00AD3DC2 /* Assets.xcassets in Resources */,
				E3E882B72287167D00AD3DC2 /* Main.storyboard in Resources */,
			);
			runOnlyForDeploymentPostprocessing = 0;
		};
		E3E882D822874BBA00AD3DC2 /* Resources */ = {
			isa = PBXResourcesBuildPhase;
			buildActionMask = 2147483647;
			files = (
				E3E882E722874C2300AD3DC2 /* video.json in Resources */,
			);
			runOnlyForDeploymentPostprocessing = 0;
		};
/* End PBXResourcesBuildPhase section */

/* Begin PBXSourcesBuildPhase section */
		E3E882AA2287167D00AD3DC2 /* Sources */ = {
			isa = PBXSourcesBuildPhase;
			buildActionMask = 2147483647;
			files = (
				E3AB8AE62287957500248899 /* GameViewController.swift in Sources */,
				E3E882C822873F1E00AD3DC2 /* SoccerVideoModel.swift in Sources */,
				E3E882CD2287429900AD3DC2 /* FetchSoccerVideos.swift in Sources */,
				E3E882B42287167D00AD3DC2 /* RootViewController.swift in Sources */,
				E3E882B22287167D00AD3DC2 /* AppDelegate.swift in Sources */,
				E3E882CA228740F000AD3DC2 /* VideoViewController.swift in Sources */,
				E3E882C4228726C200AD3DC2 /* SportViewController.swift in Sources */,
			);
			runOnlyForDeploymentPostprocessing = 0;
		};
		E3E882D622874BBA00AD3DC2 /* Sources */ = {
			isa = PBXSourcesBuildPhase;
			buildActionMask = 2147483647;
			files = (
				E3E882E622874BF100AD3DC2 /* SoccerVideoModel.swift in Sources */,
				E3E882E422874BD200AD3DC2 /* SoccerVideoTests.swift in Sources */,
			);
			runOnlyForDeploymentPostprocessing = 0;
		};
/* End PBXSourcesBuildPhase section */

/* Begin PBXTargetDependency section */
		E3E882E022874BBA00AD3DC2 /* PBXTargetDependency */ = {
			isa = PBXTargetDependency;
			target = E3E882AD2287167D00AD3DC2 /* Score */;
			targetProxy = E3E882DF22874BBA00AD3DC2 /* PBXContainerItemProxy */;
		};
/* End PBXTargetDependency section */

/* Begin PBXVariantGroup section */
		E3E882B52287167D00AD3DC2 /* Main.storyboard */ = {
			isa = PBXVariantGroup;
			children = (
				E3E882B62287167D00AD3DC2 /* Base */,
			);
			name = Main.storyboard;
			sourceTree = "<group>";
		};
		E3E882BA2287167F00AD3DC2 /* LaunchScreen.storyboard */ = {
			isa = PBXVariantGroup;
			children = (
				E3E882BB2287167F00AD3DC2 /* Base */,
			);
			name = LaunchScreen.storyboard;
			sourceTree = "<group>";
		};
/* End PBXVariantGroup section */

/* Begin XCBuildConfiguration section */
		E3E882BE2287167F00AD3DC2 /* Debug */ = {
			isa = XCBuildConfiguration;
			buildSettings = {
				ALWAYS_SEARCH_USER_PATHS = NO;
				CLANG_ANALYZER_NONNULL = YES;
				CLANG_ANALYZER_NUMBER_OBJECT_CONVERSION = YES_AGGRESSIVE;
				CLANG_CXX_LANGUAGE_STANDARD = "gnu++14";
				CLANG_CXX_LIBRARY = "libc++";
				CLANG_ENABLE_MODULES = YES;
				CLANG_ENABLE_OBJC_ARC = YES;
				CLANG_ENABLE_OBJC_WEAK = YES;
				CLANG_WARN_BLOCK_CAPTURE_AUTORELEASING = YES;
				CLANG_WARN_BOOL_CONVERSION = YES;
				CLANG_WARN_COMMA = YES;
				CLANG_WARN_CONSTANT_CONVERSION = YES;
				CLANG_WARN_DEPRECATED_OBJC_IMPLEMENTATIONS = YES;
				CLANG_WARN_DIRECT_OBJC_ISA_USAGE = YES_ERROR;
				CLANG_WARN_DOCUMENTATION_COMMENTS = YES;
				CLANG_WARN_EMPTY_BODY = YES;
				CLANG_WARN_ENUM_CONVERSION = YES;
				CLANG_WARN_INFINITE_RECURSION = YES;
				CLANG_WARN_INT_CONVERSION = YES;
				CLANG_WARN_NON_LITERAL_NULL_CONVERSION = YES;
				CLANG_WARN_OBJC_IMPLICIT_RETAIN_SELF = YES;
				CLANG_WARN_OBJC_LITERAL_CONVERSION = YES;
				CLANG_WARN_OBJC_ROOT_CLASS = YES_ERROR;
				CLANG_WARN_RANGE_LOOP_ANALYSIS = YES;
				CLANG_WARN_STRICT_PROTOTYPES = YES;
				CLANG_WARN_SUSPICIOUS_MOVE = YES;
				CLANG_WARN_UNGUARDED_AVAILABILITY = YES_AGGRESSIVE;
				CLANG_WARN_UNREACHABLE_CODE = YES;
				CLANG_WARN__DUPLICATE_METHOD_MATCH = YES;
				CODE_SIGN_IDENTITY = "iPhone Developer";
				COPY_PHASE_STRIP = NO;
				DEBUG_INFORMATION_FORMAT = dwarf;
				ENABLE_STRICT_OBJC_MSGSEND = YES;
				ENABLE_TESTABILITY = YES;
				GCC_C_LANGUAGE_STANDARD = gnu11;
				GCC_DYNAMIC_NO_PIC = NO;
				GCC_NO_COMMON_BLOCKS = YES;
				GCC_OPTIMIZATION_LEVEL = 0;
				GCC_PREPROCESSOR_DEFINITIONS = (
					"DEBUG=1",
					"$(inherited)",
				);
				GCC_WARN_64_TO_32_BIT_CONVERSION = YES;
				GCC_WARN_ABOUT_RETURN_TYPE = YES_ERROR;
				GCC_WARN_UNDECLARED_SELECTOR = YES;
				GCC_WARN_UNINITIALIZED_AUTOS = YES_AGGRESSIVE;
				GCC_WARN_UNUSED_FUNCTION = YES;
				GCC_WARN_UNUSED_VARIABLE = YES;
				IPHONEOS_DEPLOYMENT_TARGET = 12.2;
				MTL_ENABLE_DEBUG_INFO = INCLUDE_SOURCE;
				MTL_FAST_MATH = YES;
				ONLY_ACTIVE_ARCH = YES;
				SDKROOT = iphoneos;
				SWIFT_ACTIVE_COMPILATION_CONDITIONS = DEBUG;
				SWIFT_OPTIMIZATION_LEVEL = "-Onone";
			};
			name = Debug;
		};
		E3E882BF2287167F00AD3DC2 /* Release */ = {
			isa = XCBuildConfiguration;
			buildSettings = {
				ALWAYS_SEARCH_USER_PATHS = NO;
				CLANG_ANALYZER_NONNULL = YES;
				CLANG_ANALYZER_NUMBER_OBJECT_CONVERSION = YES_AGGRESSIVE;
				CLANG_CXX_LANGUAGE_STANDARD = "gnu++14";
				CLANG_CXX_LIBRARY = "libc++";
				CLANG_ENABLE_MODULES = YES;
				CLANG_ENABLE_OBJC_ARC = YES;
				CLANG_ENABLE_OBJC_WEAK = YES;
				CLANG_WARN_BLOCK_CAPTURE_AUTORELEASING = YES;
				CLANG_WARN_BOOL_CONVERSION = YES;
				CLANG_WARN_COMMA = YES;
				CLANG_WARN_CONSTANT_CONVERSION = YES;
				CLANG_WARN_DEPRECATED_OBJC_IMPLEMENTATIONS = YES;
				CLANG_WARN_DIRECT_OBJC_ISA_USAGE = YES_ERROR;
				CLANG_WARN_DOCUMENTATION_COMMENTS = YES;
				CLANG_WARN_EMPTY_BODY = YES;
				CLANG_WARN_ENUM_CONVERSION = YES;
				CLANG_WARN_INFINITE_RECURSION = YES;
				CLANG_WARN_INT_CONVERSION = YES;
				CLANG_WARN_NON_LITERAL_NULL_CONVERSION = YES;
				CLANG_WARN_OBJC_IMPLICIT_RETAIN_SELF = YES;
				CLANG_WARN_OBJC_LITERAL_CONVERSION = YES;
				CLANG_WARN_OBJC_ROOT_CLASS = YES_ERROR;
				CLANG_WARN_RANGE_LOOP_ANALYSIS = YES;
				CLANG_WARN_STRICT_PROTOTYPES = YES;
				CLANG_WARN_SUSPICIOUS_MOVE = YES;
				CLANG_WARN_UNGUARDED_AVAILABILITY = YES_AGGRESSIVE;
				CLANG_WARN_UNREACHABLE_CODE = YES;
				CLANG_WARN__DUPLICATE_METHOD_MATCH = YES;
				CODE_SIGN_IDENTITY = "iPhone Developer";
				COPY_PHASE_STRIP = NO;
				DEBUG_INFORMATION_FORMAT = "dwarf-with-dsym";
				ENABLE_NS_ASSERTIONS = NO;
				ENABLE_STRICT_OBJC_MSGSEND = YES;
				GCC_C_LANGUAGE_STANDARD = gnu11;
				GCC_NO_COMMON_BLOCKS = YES;
				GCC_WARN_64_TO_32_BIT_CONVERSION = YES;
				GCC_WARN_ABOUT_RETURN_TYPE = YES_ERROR;
				GCC_WARN_UNDECLARED_SELECTOR = YES;
				GCC_WARN_UNINITIALIZED_AUTOS = YES_AGGRESSIVE;
				GCC_WARN_UNUSED_FUNCTION = YES;
				GCC_WARN_UNUSED_VARIABLE = YES;
				IPHONEOS_DEPLOYMENT_TARGET = 12.2;
				MTL_ENABLE_DEBUG_INFO = NO;
				MTL_FAST_MATH = YES;
				SDKROOT = iphoneos;
				SWIFT_COMPILATION_MODE = wholemodule;
				SWIFT_OPTIMIZATION_LEVEL = "-O";
				VALIDATE_PRODUCT = YES;
			};
			name = Release;
		};
		E3E882C12287167F00AD3DC2 /* Debug */ = {
			isa = XCBuildConfiguration;
			buildSettings = {
				ASSETCATALOG_COMPILER_APPICON_NAME = AppIcon;
				CODE_SIGN_STYLE = Automatic;
				DEVELOPMENT_TEAM = XB6MQNSHTB;
				INFOPLIST_FILE = Score/Info.plist;
				LD_RUNPATH_SEARCH_PATHS = (
					"$(inherited)",
					"@executable_path/Frameworks",
				);
				PRODUCT_BUNDLE_IDENTIFIER = messer.Score;
				PRODUCT_NAME = "$(TARGET_NAME)";
				SWIFT_VERSION = 5.0;
				TARGETED_DEVICE_FAMILY = "1,2";
			};
			name = Debug;
		};
		E3E882C22287167F00AD3DC2 /* Release */ = {
			isa = XCBuildConfiguration;
			buildSettings = {
				ASSETCATALOG_COMPILER_APPICON_NAME = AppIcon;
				CODE_SIGN_STYLE = Automatic;
				DEVELOPMENT_TEAM = XB6MQNSHTB;
				INFOPLIST_FILE = Score/Info.plist;
				LD_RUNPATH_SEARCH_PATHS = (
					"$(inherited)",
					"@executable_path/Frameworks",
				);
				PRODUCT_BUNDLE_IDENTIFIER = messer.Score;
				PRODUCT_NAME = "$(TARGET_NAME)";
				SWIFT_VERSION = 5.0;
				TARGETED_DEVICE_FAMILY = "1,2";
			};
			name = Release;
		};
		E3E882E222874BBA00AD3DC2 /* Debug */ = {
			isa = XCBuildConfiguration;
			buildSettings = {
				BUNDLE_LOADER = "$(TEST_HOST)";
				CODE_SIGN_STYLE = Automatic;
				DEVELOPMENT_TEAM = XB6MQNSHTB;
				INFOPLIST_FILE = ScoreTests/Info.plist;
				LD_RUNPATH_SEARCH_PATHS = (
					"$(inherited)",
					"@executable_path/Frameworks",
					"@loader_path/Frameworks",
				);
				PRODUCT_BUNDLE_IDENTIFIER = messer.ScoreTests;
				PRODUCT_NAME = "$(TARGET_NAME)";
				SWIFT_VERSION = 5.0;
				TARGETED_DEVICE_FAMILY = "1,2";
				TEST_HOST = "$(BUILT_PRODUCTS_DIR)/Score.app/Score";
			};
			name = Debug;
		};
		E3E882E322874BBA00AD3DC2 /* Release */ = {
			isa = XCBuildConfiguration;
			buildSettings = {
				BUNDLE_LOADER = "$(TEST_HOST)";
				CODE_SIGN_STYLE = Automatic;
				DEVELOPMENT_TEAM = XB6MQNSHTB;
				INFOPLIST_FILE = ScoreTests/Info.plist;
				LD_RUNPATH_SEARCH_PATHS = (
					"$(inherited)",
					"@executable_path/Frameworks",
					"@loader_path/Frameworks",
				);
				PRODUCT_BUNDLE_IDENTIFIER = messer.ScoreTests;
				PRODUCT_NAME = "$(TARGET_NAME)";
				SWIFT_VERSION = 5.0;
				TARGETED_DEVICE_FAMILY = "1,2";
				TEST_HOST = "$(BUILT_PRODUCTS_DIR)/Score.app/Score";
			};
			name = Release;
		};
/* End XCBuildConfiguration section */

/* Begin XCConfigurationList section */
		E3E882A92287167D00AD3DC2 /* Build configuration list for PBXProject "Score" */ = {
			isa = XCConfigurationList;
			buildConfigurations = (
				E3E882BE2287167F00AD3DC2 /* Debug */,
				E3E882BF2287167F00AD3DC2 /* Release */,
			);
			defaultConfigurationIsVisible = 0;
			defaultConfigurationName = Release;
		};
		E3E882C02287167F00AD3DC2 /* Build configuration list for PBXNativeTarget "Score" */ = {
			isa = XCConfigurationList;
			buildConfigurations = (
				E3E882C12287167F00AD3DC2 /* Debug */,
				E3E882C22287167F00AD3DC2 /* Release */,
			);
			defaultConfigurationIsVisible = 0;
			defaultConfigurationName = Release;
		};
		E3E882E122874BBA00AD3DC2 /* Build configuration list for PBXNativeTarget "ScoreTests" */ = {
			isa = XCConfigurationList;
			buildConfigurations = (
				E3E882E222874BBA00AD3DC2 /* Debug */,
				E3E882E322874BBA00AD3DC2 /* Release */,
			);
			defaultConfigurationIsVisible = 0;
			defaultConfigurationName = Release;
		};
/* End XCConfigurationList section */
	};
	rootObject = E3E882A62287167D00AD3DC2 /* Project object */;
}
